
Microsoft Visual Studio Solution File, Format Version 12.00
# Visual Studio Version 16
VisualStudioVersion = 16.0.30011.22
MinimumVisualStudioVersion = 10.0.40219.1
Project("{FAE04EC0-301F-11D3-BF4B-00C04F79EFBC}") = "RequiredCssOnlyApp", "RequiredCssOnlyApp.csproj", "{4C8EB554-E296-4E70-9B64-9CBA5A46C886}"
EndProject
Project("{FAE04EC0-301F-11D3-BF4B-00C04F79EFBC}") = "StaticWebEpiserverPlugin.RequiredCssOnly", "..\StaticWebEpiserverPlugin.RequiredCssOnly\StaticWebEpiserverPlugin.RequiredCssOnly.csproj", "{22ABF8E1-A733-4C1F-B76B-DC12158E5CF1}"
EndProject
Global
	GlobalSection(SolutionConfigurationPlatforms) = preSolution
		Debug|Any CPU = Debug|Any CPU
		Release|Any CPU = Release|Any CPU
	EndGlobalSection
	GlobalSection(ProjectConfigurationPlatforms) = postSolution
		{4C8EB554-E296-4E70-9B64-9CBA5A46C886}.Debug|Any CPU.ActiveCfg = Debug|Any CPU
		{4C8EB554-E296-4E70-9B64-9CBA5A46C886}.Debug|Any CPU.Build.0 = Debug|Any CPU
		{4C8EB554-E296-4E70-9B64-9CBA5A46C886}.Release|Any CPU.ActiveCfg = Release|Any CPU
		{4C8EB554-E296-4E70-9B64-9CBA5A46C886}.Release|Any CPU.Build.0 = Release|Any CPU
		{22ABF8E1-A733-4C1F-B76B-DC12158E5CF1}.Debug|Any CPU.ActiveCfg = Debug|Any CPU
		{22ABF8E1-A733-4C1F-B76B-DC12158E5CF1}.Debug|Any CPU.Build.0 = Debug|Any CPU
		{22ABF8E1-A733-4C1F-B76B-DC12158E5CF1}.Release|Any CPU.ActiveCfg = Release|Any CPU
		{22ABF8E1-A733-4C1F-B76B-DC12158E5CF1}.Release|Any CPU.Build.0 = Release|Any CPU
	EndGlobalSection
	GlobalSection(SolutionProperties) = preSolution
		HideSolutionNode = FALSE
	EndGlobalSection
	GlobalSection(ExtensibilityGlobals) = postSolution
		SolutionGuid = {17C0769C-3369-46B0-A046-6EB38C2F0F78}
	EndGlobalSection
EndGlobal
